
Microsoft Visual Studio Solution File, Format Version 12.00
# Visual Studio 15
VisualStudioVersion = 15.0.28010.2016
MinimumVisualStudioVersion = 10.0.40219.1
Project("{8BC9CEB8-8B4A-11D0-8D11-00A0C91BC942}") = "NeuronNetConsole", "NeuronNetConsole\NeuronNetConsole.vcxproj", "{E8A01152-3343-4478-8ACE-0C7533EAFB20}"
EndProject
Global
	GlobalSection(SolutionConfigurationPlatforms) = preSolution
		Debug|x64 = Debug|x64
		Debug|x86 = Debug|x86
		Release|x64 = Release|x64
		Release|x86 = Release|x86
	EndGlobalSection
	GlobalSection(ProjectConfigurationPlatforms) = postSolution
		{E8A01152-3343-4478-8ACE-0C7533EAFB20}.Debug|x64.ActiveCfg = Debug|x64
		{E8A01152-3343-4478-8ACE-0C7533EAFB20}.Debug|x64.Build.0 = Debug|x64
		{E8A01152-3343-4478-8ACE-0C7533EAFB20}.Debug|x86.ActiveCfg = Debug|Win32
		{E8A01152-3343-4478-8ACE-0C7533EAFB20}.Debug|x86.Build.0 = Debug|Win32
		{E8A01152-3343-4478-8ACE-0C7533EAFB20}.Release|x64.ActiveCfg = Release|x64
		{E8A01152-3343-4478-8ACE-0C7533EAFB20}.Release|x64.Build.0 = Release|x64
		{E8A01152-3343-4478-8ACE-0C7533EAFB20}.Release|x86.ActiveCfg = Release|Win32
		{E8A01152-3343-4478-8ACE-0C7533EAFB20}.Release|x86.Build.0 = Release|Win32
	EndGlobalSection
	GlobalSection(SolutionProperties) = preSolution
		HideSolutionNode = FALSE
	EndGlobalSection
	GlobalSection(ExtensibilityGlobals) = postSolution
		SolutionGuid = {B1D0F87E-3B1A-413D-B1C1-3F9DF1D036D7}
	EndGlobalSection
EndGlobal
